
Microsoft Visual Studio Solution File, Format Version 11.00
# Visual Studio 2010
Project("{FAE04EC0-301F-11D3-BF4B-00C04F79EFBC}") = "LightAssets", "LightAssets.csproj", "{c0625de2-7511-fde1-0300-1626b4431b07}"
EndProject
Global
	GlobalSection(SolutionConfigurationPlatforms) = preSolution
		Debug|Any CPU = Debug|Any CPU
		Release|Any CPU = Release|Any CPU
	EndGlobalSection
	GlobalSection(ProjectConfigurationPlatforms) = postSolution
		{c0625de2-7511-fde1-0300-1626b4431b07}.Debug|Any CPU.ActiveCfg = Debug|Any CPU
		{c0625de2-7511-fde1-0300-1626b4431b07}.Debug|Any CPU.Build.0 = Debug|Any CPU
		{c0625de2-7511-fde1-0300-1626b4431b07}.Release|Any CPU.ActiveCfg = Release|Any CPU
		{c0625de2-7511-fde1-0300-1626b4431b07}.Release|Any CPU.Build.0 = Release|Any CPU
	EndGlobalSection
	GlobalSection(SolutionProperties) = preSolution
		HideSolutionNode = FALSE
	EndGlobalSection
EndGlobal
